
Microsoft Visual Studio Solution File, Format Version 12.00
# Visual Studio Version 16
VisualStudioVersion = 16.0.30517.126
MinimumVisualStudioVersion = 10.0.40219.1
Project("{FAE04EC0-301F-11D3-BF4B-00C04F79EFBC}") = "ServiceReservasi", "ServiceReservasi\ServiceReservasi.csproj", "{B78C6201-81F9-46C5-BFA5-2A8AC44BBED4}"
EndProject
Global
	GlobalSection(SolutionConfigurationPlatforms) = preSolution
		Debug|Any CPU = Debug|Any CPU
		Release|Any CPU = Release|Any CPU
	EndGlobalSection
	GlobalSection(ProjectConfigurationPlatforms) = postSolution
		{B78C6201-81F9-46C5-BFA5-2A8AC44BBED4}.Debug|Any CPU.ActiveCfg = Debug|Any CPU
		{B78C6201-81F9-46C5-BFA5-2A8AC44BBED4}.Debug|Any CPU.Build.0 = Debug|Any CPU
		{B78C6201-81F9-46C5-BFA5-2A8AC44BBED4}.Release|Any CPU.ActiveCfg = Release|Any CPU
		{B78C6201-81F9-46C5-BFA5-2A8AC44BBED4}.Release|Any CPU.Build.0 = Release|Any CPU
	EndGlobalSection
	GlobalSection(SolutionProperties) = preSolution
		HideSolutionNode = FALSE
	EndGlobalSection
	GlobalSection(ExtensibilityGlobals) = postSolution
		SolutionGuid = {19F7E672-8597-4F3B-A252-6E5879EE37C0}
	EndGlobalSection
EndGlobal
